
Microsoft Visual Studio Solution File, Format Version 12.00
# Visual Studio Version 16
VisualStudioVersion = 16.0.29709.97
MinimumVisualStudioVersion = 10.0.40219.1
Project("{FAE04EC0-301F-11D3-BF4B-00C04F79EFBC}") = "POC.API", "POC.API\POC.API.csproj", "{EABE158B-E745-4433-9693-3B884A33205D}"
EndProject
Global
	GlobalSection(SolutionConfigurationPlatforms) = preSolution
		Debug|Any CPU = Debug|Any CPU
		Release|Any CPU = Release|Any CPU
	EndGlobalSection
	GlobalSection(ProjectConfigurationPlatforms) = postSolution
		{EABE158B-E745-4433-9693-3B884A33205D}.Debug|Any CPU.ActiveCfg = Debug|Any CPU
		{EABE158B-E745-4433-9693-3B884A33205D}.Debug|Any CPU.Build.0 = Debug|Any CPU
		{EABE158B-E745-4433-9693-3B884A33205D}.Release|Any CPU.ActiveCfg = Release|Any CPU
		{EABE158B-E745-4433-9693-3B884A33205D}.Release|Any CPU.Build.0 = Release|Any CPU
	EndGlobalSection
	GlobalSection(SolutionProperties) = preSolution
		HideSolutionNode = FALSE
	EndGlobalSection
	GlobalSection(ExtensibilityGlobals) = postSolution
		SolutionGuid = {8D5D48FC-92F9-4713-94C5-ACF777916134}
	EndGlobalSection
EndGlobal
